
Microsoft Visual Studio Solution File, Format Version 12.00
# Visual Studio Version 17
VisualStudioVersion = 17.7.34009.444
MinimumVisualStudioVersion = 10.0.40219.1
Project("{8BC9CEB8-8B4A-11D0-8D11-00A0C91BC942}") = "nettest", "nettest.vcxproj", "{BD2A73C8-807A-4591-A283-7BF2DC4EFF51}"
EndProject
Global
	GlobalSection(SolutionConfigurationPlatforms) = preSolution
		Debug|x64 = Debug|x64
		Debug|x86 = Debug|x86
		Release|x64 = Release|x64
		Release|x86 = Release|x86
	EndGlobalSection
	GlobalSection(ProjectConfigurationPlatforms) = postSolution
		{BD2A73C8-807A-4591-A283-7BF2DC4EFF51}.Debug|x64.ActiveCfg = Debug|x64
		{BD2A73C8-807A-4591-A283-7BF2DC4EFF51}.Debug|x64.Build.0 = Debug|x64
		{BD2A73C8-807A-4591-A283-7BF2DC4EFF51}.Debug|x86.ActiveCfg = Debug|Win32
		{BD2A73C8-807A-4591-A283-7BF2DC4EFF51}.Debug|x86.Build.0 = Debug|Win32
		{BD2A73C8-807A-4591-A283-7BF2DC4EFF51}.Release|x64.ActiveCfg = Release|x64
		{BD2A73C8-807A-4591-A283-7BF2DC4EFF51}.Release|x64.Build.0 = Release|x64
		{BD2A73C8-807A-4591-A283-7BF2DC4EFF51}.Release|x86.ActiveCfg = Release|Win32
		{BD2A73C8-807A-4591-A283-7BF2DC4EFF51}.Release|x86.Build.0 = Release|Win32
	EndGlobalSection
	GlobalSection(SolutionProperties) = preSolution
		HideSolutionNode = FALSE
	EndGlobalSection
	GlobalSection(ExtensibilityGlobals) = postSolution
		SolutionGuid = {4AC751A6-296C-41AC-B8A8-856BB26BD1C7}
	EndGlobalSection
EndGlobal
